
Microsoft Visual Studio Solution File, Format Version 12.00
# Visual Studio 15
VisualStudioVersion = 15.0.28010.0
MinimumVisualStudioVersion = 10.0.40219.1
Project("{FAE04EC0-301F-11D3-BF4B-00C04F79EFBC}") = "TechnicalBoxLayout", "TechnicalBoxLayout\TechnicalBoxLayout.csproj", "{4A8C2580-51FE-4705-8301-B17E819A8E2C}"
EndProject
Global
	GlobalSection(SolutionConfigurationPlatforms) = preSolution
		Debug|Any CPU = Debug|Any CPU
		Release|Any CPU = Release|Any CPU
	EndGlobalSection
	GlobalSection(ProjectConfigurationPlatforms) = postSolution
		{4A8C2580-51FE-4705-8301-B17E819A8E2C}.Debug|Any CPU.ActiveCfg = Debug|Any CPU
		{4A8C2580-51FE-4705-8301-B17E819A8E2C}.Debug|Any CPU.Build.0 = Debug|Any CPU
		{4A8C2580-51FE-4705-8301-B17E819A8E2C}.Release|Any CPU.ActiveCfg = Release|Any CPU
		{4A8C2580-51FE-4705-8301-B17E819A8E2C}.Release|Any CPU.Build.0 = Release|Any CPU
	EndGlobalSection
	GlobalSection(SolutionProperties) = preSolution
		HideSolutionNode = FALSE
	EndGlobalSection
	GlobalSection(ExtensibilityGlobals) = postSolution
		SolutionGuid = {F34865A4-984B-4E89-BF51-6FE5ECB1916C}
	EndGlobalSection
EndGlobal
